// !$*UTF8*$!
{
	archiveVersion = 1;
	classes = {
	};
	objectVersion = 56;
	objects = {

/* Begin PBXBuildFile section */
		1F17ADC82BAD939000347117 /* Infection_SimulatorApp.swift in Sources */ = {isa = PBXBuildFile; fileRef = 1F17ADC72BAD939000347117 /* Infection_SimulatorApp.swift */; };
		1F17ADCA2BAD939000347117 /* ContentView.swift in Sources */ = {isa = PBXBuildFile; fileRef = 1F17ADC92BAD939000347117 /* ContentView.swift */; };
		1F17ADCC2BAD939200347117 /* Assets.xcassets in Resources */ = {isa = PBXBuildFile; fileRef = 1F17ADCB2BAD939200347117 /* Assets.xcassets */; };
		1F17ADCF2BAD939200347117 /* Preview Assets.xcassets in Resources */ = {isa = PBXBuildFile; fileRef = 1F17ADCE2BAD939200347117 /* Preview Assets.xcassets */; };
		1F17ADD92BAD939200347117 /* Infection_SimulatorTests.swift in Sources */ = {isa = PBXBuildFile; fileRef = 1F17ADD82BAD939200347117 /* Infection_SimulatorTests.swift */; };
		1F17ADE32BAD939200347117 /* Infection_SimulatorUITests.swift in Sources */ = {isa = PBXBuildFile; fileRef = 1F17ADE22BAD939200347117 /* Infection_SimulatorUITests.swift */; };
		1F17ADE52BAD939200347117 /* Infection_SimulatorUITestsLaunchTests.swift in Sources */ = {isa = PBXBuildFile; fileRef = 1F17ADE42BAD939200347117 /* Infection_SimulatorUITestsLaunchTests.swift */; };
/* End PBXBuildFile section */

/* Begin PBXContainerItemProxy section */
		1F17ADD52BAD939200347117 /* PBXContainerItemProxy */ = {
			isa = PBXContainerItemProxy;
			containerPortal = 1F17ADBC2BAD939000347117 /* Project object */;
			proxyType = 1;
			remoteGlobalIDString = 1F17ADC32BAD939000347117;
			remoteInfo = "Infection-Simulator";
		};
		1F17ADDF2BAD939200347117 /* PBXContainerItemProxy */ = {
			isa = PBXContainerItemProxy;
			containerPortal = 1F17ADBC2BAD939000347117 /* Project object */;
			proxyType = 1;
			remoteGlobalIDString = 1F17ADC32BAD939000347117;
			remoteInfo = "Infection-Simulator";
		};
/* End PBXContainerItemProxy section */

/* Begin PBXFileReference section */
		1F17ADC42BAD939000347117 /* Infection-Simulator.app */ = {isa = PBXFileReference; explicitFileType = wrapper.application; includeInIndex = 0; path = "Infection-Simulator.app"; sourceTree = BUILT_PRODUCTS_DIR; };
		1F17ADC72BAD939000347117 /* Infection_SimulatorApp.swift */ = {isa = PBXFileReference; lastKnownFileType = sourcecode.swift; path = Infection_SimulatorApp.swift; sourceTree = "<group>"; };
		1F17ADC92BAD939000347117 /* ContentView.swift */ = {isa = PBXFileReference; lastKnownFileType = sourcecode.swift; path = ContentView.swift; sourceTree = "<group>"; };
		1F17ADCB2BAD939200347117 /* Assets.xcassets */ = {isa = PBXFileReference; lastKnownFileType = folder.assetcatalog; path = Assets.xcassets; sourceTree = "<group>"; };
		1F17ADCE2BAD939200347117 /* Preview Assets.xcassets */ = {isa = PBXFileReference; lastKnownFileType = folder.assetcatalog; path = "Preview Assets.xcassets"; sourceTree = "<group>"; };
		1F17ADD42BAD939200347117 /* Infection-SimulatorTests.xctest */ = {isa = PBXFileReference; explicitFileType = wrapper.cfbundle; includeInIndex = 0; path = "Infection-SimulatorTests.xctest"; sourceTree = BUILT_PRODUCTS_DIR; };
		1F17ADD82BAD939200347117 /* Infection_SimulatorTests.swift */ = {isa = PBXFileReference; lastKnownFileType = sourcecode.swift; path = Infection_SimulatorTests.swift; sourceTree = "<group>"; };
		1F17ADDE2BAD939200347117 /* Infection-SimulatorUITests.xctest */ = {isa = PBXFileReference; explicitFileType = wrapper.cfbundle; includeInIndex = 0; path = "Infection-SimulatorUITests.xctest"; sourceTree = BUILT_PRODUCTS_DIR; };
		1F17ADE22BAD939200347117 /* Infection_SimulatorUITests.swift */ = {isa = PBXFileReference; lastKnownFileType = sourcecode.swift; path = Infection_SimulatorUITests.swift; sourceTree = "<group>"; };
		1F17ADE42BAD939200347117 /* Infection_SimulatorUITestsLaunchTests.swift */ = {isa = PBXFileReference; lastKnownFileType = sourcecode.swift; path = Infection_SimulatorUITestsLaunchTests.swift; sourceTree = "<group>"; };
/* End PBXFileReference section */

/* Begin PBXFrameworksBuildPhase section */
		1F17ADC12BAD939000347117 /* Frameworks */ = {
			isa = PBXFrameworksBuildPhase;
			buildActionMask = 2147483647;
			files = (
			);
			runOnlyForDeploymentPostprocessing = 0;
		};
		1F17ADD12BAD939200347117 /* Frameworks */ = {
			isa = PBXFrameworksBuildPhase;
			buildActionMask = 2147483647;
			files = (
			);
			runOnlyForDeploymentPostprocessing = 0;
		};
		1F17ADDB2BAD939200347117 /* Frameworks */ = {
			isa = PBXFrameworksBuildPhase;
			buildActionMask = 2147483647;
			files = (
			);
			runOnlyForDeploymentPostprocessing = 0;
		};
/* End PBXFrameworksBuildPhase section */

/* Begin PBXGroup section */
		1F17ADBB2BAD939000347117 = {
			isa = PBXGroup;
			children = (
				1F17ADC62BAD939000347117 /* Infection-Simulator */,
				1F17ADD72BAD939200347117 /* Infection-SimulatorTests */,
				1F17ADE12BAD939200347117 /* Infection-SimulatorUITests */,
				1F17ADC52BAD939000347117 /* Products */,
			);
			sourceTree = "<group>";
		};
		1F17ADC52BAD939000347117 /* Products */ = {
			isa = PBXGroup;
			children = (
				1F17ADC42BAD939000347117 /* Infection-Simulator.app */,
				1F17ADD42BAD939200347117 /* Infection-SimulatorTests.xctest */,
				1F17ADDE2BAD939200347117 /* Infection-SimulatorUITests.xctest */,
			);
			name = Products;
			sourceTree = "<group>";
		};
		1F17ADC62BAD939000347117 /* Infection-Simulator */ = {
			isa = PBXGroup;
			children = (
				1F17ADC72BAD939000347117 /* Infection_SimulatorApp.swift */,
				1F17ADC92BAD939000347117 /* ContentView.swift */,
				1F17ADCB2BAD939200347117 /* Assets.xcassets */,
				1F17ADCD2BAD939200347117 /* Preview Content */,
			);
			path = "Infection-Simulator";
			sourceTree = "<group>";
		};
		1F17ADCD2BAD939200347117 /* Preview Content */ = {
			isa = PBXGroup;
			children = (
				1F17ADCE2BAD939200347117 /* Preview Assets.xcassets */,
			);
			path = "Preview Content";
			sourceTree = "<group>";
		};
		1F17ADD72BAD939200347117 /* Infection-SimulatorTests */ = {
			isa = PBXGroup;
			children = (
				1F17ADD82BAD939200347117 /* Infection_SimulatorTests.swift */,
			);
			path = "Infection-SimulatorTests";
			sourceTree = "<group>";
		};
		1F17ADE12BAD939200347117 /* Infection-SimulatorUITests */ = {
			isa = PBXGroup;
			children = (
				1F17ADE22BAD939200347117 /* Infection_SimulatorUITests.swift */,
				1F17ADE42BAD939200347117 /* Infection_SimulatorUITestsLaunchTests.swift */,
			);
			path = "Infection-SimulatorUITests";
			sourceTree = "<group>";
		};
/* End PBXGroup section */

/* Begin PBXNativeTarget section */
		1F17ADC32BAD939000347117 /* Infection-Simulator */ = {
			isa = PBXNativeTarget;
			buildConfigurationList = 1F17ADE82BAD939200347117 /* Build configuration list for PBXNativeTarget "Infection-Simulator" */;
			buildPhases = (
				1F17ADC02BAD939000347117 /* Sources */,
				1F17ADC12BAD939000347117 /* Frameworks */,
				1F17ADC22BAD939000347117 /* Resources */,
			);
			buildRules = (
			);
			dependencies = (
			);
			name = "Infection-Simulator";
			productName = "Infection-Simulator";
			productReference = 1F17ADC42BAD939000347117 /* Infection-Simulator.app */;
			productType = "com.apple.product-type.application";
		};
		1F17ADD32BAD939200347117 /* Infection-SimulatorTests */ = {
			isa = PBXNativeTarget;
			buildConfigurationList = 1F17ADEB2BAD939200347117 /* Build configuration list for PBXNativeTarget "Infection-SimulatorTests" */;
			buildPhases = (
				1F17ADD02BAD939200347117 /* Sources */,
				1F17ADD12BAD939200347117 /* Frameworks */,
				1F17ADD22BAD939200347117 /* Resources */,
			);
			buildRules = (
			);
			dependencies = (
				1F17ADD62BAD939200347117 /* PBXTargetDependency */,
			);
			name = "Infection-SimulatorTests";
			productName = "Infection-SimulatorTests";
			productReference = 1F17ADD42BAD939200347117 /* Infection-SimulatorTests.xctest */;
			productType = "com.apple.product-type.bundle.unit-test";
		};
		1F17ADDD2BAD939200347117 /* Infection-SimulatorUITests */ = {
			isa = PBXNativeTarget;
			buildConfigurationList = 1F17ADEE2BAD939200347117 /* Build configuration list for PBXNativeTarget "Infection-SimulatorUITests" */;
			buildPhases = (
				1F17ADDA2BAD939200347117 /* Sources */,
				1F17ADDB2BAD939200347117 /* Frameworks */,
				1F17ADDC2BAD939200347117 /* Resources */,
			);
			buildRules = (
			);
			dependencies = (
				1F17ADE02BAD939200347117 /* PBXTargetDependency */,
			);
			name = "Infection-SimulatorUITests";
			productName = "Infection-SimulatorUITests";
			productReference = 1F17ADDE2BAD939200347117 /* Infection-SimulatorUITests.xctest */;
			productType = "com.apple.product-type.bundle.ui-testing";
		};
/* End PBXNativeTarget section */

/* Begin PBXProject section */
		1F17ADBC2BAD939000347117 /* Project object */ = {
			isa = PBXProject;
			attributes = {
				BuildIndependentTargetsInParallel = 1;
				LastSwiftUpdateCheck = 1510;
				LastUpgradeCheck = 1510;
				TargetAttributes = {
					1F17ADC32BAD939000347117 = {
						CreatedOnToolsVersion = 15.1;
					};
					1F17ADD32BAD939200347117 = {
						CreatedOnToolsVersion = 15.1;
						TestTargetID = 1F17ADC32BAD939000347117;
					};
					1F17ADDD2BAD939200347117 = {
						CreatedOnToolsVersion = 15.1;
						TestTargetID = 1F17ADC32BAD939000347117;
					};
				};
			};
			buildConfigurationList = 1F17ADBF2BAD939000347117 /* Build configuration list for PBXProject "Infection-Simulator" */;
			compatibilityVersion = "Xcode 14.0";
			developmentRegion = en;
			hasScannedForEncodings = 0;
			knownRegions = (
				en,
				Base,
			);
			mainGroup = 1F17ADBB2BAD939000347117;
			productRefGroup = 1F17ADC52BAD939000347117 /* Products */;
			projectDirPath = "";
			projectRoot = "";
			targets = (
				1F17ADC32BAD939000347117 /* Infection-Simulator */,
				1F17ADD32BAD939200347117 /* Infection-SimulatorTests */,
				1F17ADDD2BAD939200347117 /* Infection-SimulatorUITests */,
			);
		};
/* End PBXProject section */

/* Begin PBXResourcesBuildPhase section */
		1F17ADC22BAD939000347117 /* Resources */ = {
			isa = PBXResourcesBuildPhase;
			buildActionMask = 2147483647;
			files = (
				1F17ADCF2BAD939200347117 /* Preview Assets.xcassets in Resources */,
				1F17ADCC2BAD939200347117 /* Assets.xcassets in Resources */,
			);
			runOnlyForDeploymentPostprocessing = 0;
		};
		1F17ADD22BAD939200347117 /* Resources */ = {
			isa = PBXResourcesBuildPhase;
			buildActionMask = 2147483647;
			files = (
			);
			runOnlyForDeploymentPostprocessing = 0;
		};
		1F17ADDC2BAD939200347117 /* Resources */ = {
			isa = PBXResourcesBuildPhase;
			buildActionMask = 2147483647;
			files = (
			);
			runOnlyForDeploymentPostprocessing = 0;
		};
/* End PBXResourcesBuildPhase section */

/* Begin PBXSourcesBuildPhase section */
		1F17ADC02BAD939000347117 /* Sources */ = {
			isa = PBXSourcesBuildPhase;
			buildActionMask = 2147483647;
			files = (
				1F17ADCA2BAD939000347117 /* ContentView.swift in Sources */,
				1F17ADC82BAD939000347117 /* Infection_SimulatorApp.swift in Sources */,
			);
			runOnlyForDeploymentPostprocessing = 0;
		};
		1F17ADD02BAD939200347117 /* Sources */ = {
			isa = PBXSourcesBuildPhase;
			buildActionMask = 2147483647;
			files = (
				1F17ADD92BAD939200347117 /* Infection_SimulatorTests.swift in Sources */,
			);
			runOnlyForDeploymentPostprocessing = 0;
		};
		1F17ADDA2BAD939200347117 /* Sources */ = {
			isa = PBXSourcesBuildPhase;
			buildActionMask = 2147483647;
			files = (
				1F17ADE32BAD939200347117 /* Infection_SimulatorUITests.swift in Sources */,
				1F17ADE52BAD939200347117 /* Infection_SimulatorUITestsLaunchTests.swift in Sources */,
			);
			runOnlyForDeploymentPostprocessing = 0;
		};
/* End PBXSourcesBuildPhase section */

/* Begin PBXTargetDependency section */
		1F17ADD62BAD939200347117 /* PBXTargetDependency */ = {
			isa = PBXTargetDependency;
			target = 1F17ADC32BAD939000347117 /* Infection-Simulator */;
			targetProxy = 1F17ADD52BAD939200347117 /* PBXContainerItemProxy */;
		};
		1F17ADE02BAD939200347117 /* PBXTargetDependency */ = {
			isa = PBXTargetDependency;
			target = 1F17ADC32BAD939000347117 /* Infection-Simulator */;
			targetProxy = 1F17ADDF2BAD939200347117 /* PBXContainerItemProxy */;
		};
/* End PBXTargetDependency section */

/* Begin XCBuildConfiguration section */
		1F17ADE62BAD939200347117 /* Debug */ = {
			isa = XCBuildConfiguration;
			buildSettings = {
				ALWAYS_SEARCH_USER_PATHS = NO;
				ASSETCATALOG_COMPILER_GENERATE_SWIFT_ASSET_SYMBOL_EXTENSIONS = YES;
				CLANG_ANALYZER_NONNULL = YES;
				CLANG_ANALYZER_NUMBER_OBJECT_CONVERSION = YES_AGGRESSIVE;
				CLANG_CXX_LANGUAGE_STANDARD = "gnu++20";
				CLANG_ENABLE_MODULES = YES;
				CLANG_ENABLE_OBJC_ARC = YES;
				CLANG_ENABLE_OBJC_WEAK = YES;
				CLANG_WARN_BLOCK_CAPTURE_AUTORELEASING = YES;
				CLANG_WARN_BOOL_CONVERSION = YES;
				CLANG_WARN_COMMA = YES;
				CLANG_WARN_CONSTANT_CONVERSION = YES;
				CLANG_WARN_DEPRECATED_OBJC_IMPLEMENTATIONS = YES;
				CLANG_WARN_DIRECT_OBJC_ISA_USAGE = YES_ERROR;
				CLANG_WARN_DOCUMENTATION_COMMENTS = YES;
				CLANG_WARN_EMPTY_BODY = YES;
				CLANG_WARN_ENUM_CONVERSION = YES;
				CLANG_WARN_INFINITE_RECURSION = YES;
				CLANG_WARN_INT_CONVERSION = YES;
				CLANG_WARN_NON_LITERAL_NULL_CONVERSION = YES;
				CLANG_WARN_OBJC_IMPLICIT_RETAIN_SELF = YES;
				CLANG_WARN_OBJC_LITERAL_CONVERSION = YES;
				CLANG_WARN_OBJC_ROOT_CLASS = YES_ERROR;
				CLANG_WARN_QUOTED_INCLUDE_IN_FRAMEWORK_HEADER = YES;
				CLANG_WARN_RANGE_LOOP_ANALYSIS = YES;
				CLANG_WARN_STRICT_PROTOTYPES = YES;
				CLANG_WARN_SUSPICIOUS_MOVE = YES;
				CLANG_WARN_UNGUARDED_AVAILABILITY = YES_AGGRESSIVE;
				CLANG_WARN_UNREACHABLE_CODE = YES;
				CLANG_WARN__DUPLICATE_METHOD_MATCH = YES;
				COPY_PHASE_STRIP = NO;
				DEBUG_INFORMATION_FORMAT = dwarf;
				ENABLE_STRICT_OBJC_MSGSEND = YES;
				ENABLE_TESTABILITY = YES;
				ENABLE_USER_SCRIPT_SANDBOXING = YES;
				GCC_C_LANGUAGE_STANDARD = gnu17;
				GCC_DYNAMIC_NO_PIC = NO;
				GCC_NO_COMMON_BLOCKS = YES;
				GCC_OPTIMIZATION_LEVEL = 0;
				GCC_PREPROCESSOR_DEFINITIONS = (
					"DEBUG=1",
					"$(inherited)",
				);
				GCC_WARN_64_TO_32_BIT_CONVERSION = YES;
				GCC_WARN_ABOUT_RETURN_TYPE = YES_ERROR;
				GCC_WARN_UNDECLARED_SELECTOR = YES;
				GCC_WARN_UNINITIALIZED_AUTOS = YES_AGGRESSIVE;
				GCC_WARN_UNUSED_FUNCTION = YES;
				GCC_WARN_UNUSED_VARIABLE = YES;
				IPHONEOS_DEPLOYMENT_TARGET = 17.2;
				LOCALIZATION_PREFERS_STRING_CATALOGS = YES;
				MTL_ENABLE_DEBUG_INFO = INCLUDE_SOURCE;
				MTL_FAST_MATH = YES;
				ONLY_ACTIVE_ARCH = YES;
				SDKROOT = iphoneos;
				SWIFT_ACTIVE_COMPILATION_CONDITIONS = "DEBUG $(inherited)";
				SWIFT_OPTIMIZATION_LEVEL = "-Onone";
			};
			name = Debug;
		};
		1F17ADE72BAD939200347117 /* Release */ = {
			isa = XCBuildConfiguration;
			buildSettings = {
				ALWAYS_SEARCH_USER_PATHS = NO;
				ASSETCATALOG_COMPILER_GENERATE_SWIFT_ASSET_SYMBOL_EXTENSIONS = YES;
				CLANG_ANALYZER_NONNULL = YES;
				CLANG_ANALYZER_NUMBER_OBJECT_CONVERSION = YES_AGGRESSIVE;
				CLANG_CXX_LANGUAGE_STANDARD = "gnu++20";
				CLANG_ENABLE_MODULES = YES;
				CLANG_ENABLE_OBJC_ARC = YES;
				CLANG_ENABLE_OBJC_WEAK = YES;
				CLANG_WARN_BLOCK_CAPTURE_AUTORELEASING = YES;
				CLANG_WARN_BOOL_CONVERSION = YES;
				CLANG_WARN_COMMA = YES;
				CLANG_WARN_CONSTANT_CONVERSION = YES;
				CLANG_WARN_DEPRECATED_OBJC_IMPLEMENTATIONS = YES;
				CLANG_WARN_DIRECT_OBJC_ISA_USAGE = YES_ERROR;
				CLANG_WARN_DOCUMENTATION_COMMENTS = YES;
				CLANG_WARN_EMPTY_BODY = YES;
				CLANG_WARN_ENUM_CONVERSION = YES;
				CLANG_WARN_INFINITE_RECURSION = YES;
				CLANG_WARN_INT_CONVERSION = YES;
				CLANG_WARN_NON_LITERAL_NULL_CONVERSION = YES;
				CLANG_WARN_OBJC_IMPLICIT_RETAIN_SELF = YES;
				CLANG_WARN_OBJC_LITERAL_CONVERSION = YES;
				CLANG_WARN_OBJC_ROOT_CLASS = YES_ERROR;
				CLANG_WARN_QUOTED_INCLUDE_IN_FRAMEWORK_HEADER = YES;
				CLANG_WARN_RANGE_LOOP_ANALYSIS = YES;
				CLANG_WARN_STRICT_PROTOTYPES = YES;
				CLANG_WARN_SUSPICIOUS_MOVE = YES;
				CLANG_WARN_UNGUARDED_AVAILABILITY = YES_AGGRESSIVE;
				CLANG_WARN_UNREACHABLE_CODE = YES;
				CLANG_WARN__DUPLICATE_METHOD_MATCH = YES;
				COPY_PHASE_STRIP = NO;
				DEBUG_INFORMATION_FORMAT = "dwarf-with-dsym";
				ENABLE_NS_ASSERTIONS = NO;
				ENABLE_STRICT_OBJC_MSGSEND = YES;
				ENABLE_USER_SCRIPT_SANDBOXING = YES;
				GCC_C_LANGUAGE_STANDARD = gnu17;
				GCC_NO_COMMON_BLOCKS = YES;
				GCC_WARN_64_TO_32_BIT_CONVERSION = YES;
				GCC_WARN_ABOUT_RETURN_TYPE = YES_ERROR;
				GCC_WARN_UNDECLARED_SELECTOR = YES;
				GCC_WARN_UNINITIALIZED_AUTOS = YES_AGGRESSIVE;
				GCC_WARN_UNUSED_FUNCTION = YES;
				GCC_WARN_UNUSED_VARIABLE = YES;
				IPHONEOS_DEPLOYMENT_TARGET = 17.2;
				LOCALIZATION_PREFERS_STRING_CATALOGS = YES;
				MTL_ENABLE_DEBUG_INFO = NO;
				MTL_FAST_MATH = YES;
				SDKROOT = iphoneos;
				SWIFT_COMPILATION_MODE = wholemodule;
				VALIDATE_PRODUCT = YES;
			};
			name = Release;
		};
		1F17ADE92BAD939200347117 /* Debug */ = {
			isa = XCBuildConfiguration;
			buildSettings = {
				ASSETCATALOG_COMPILER_APPICON_NAME = AppIcon;
				ASSETCATALOG_COMPILER_GLOBAL_ACCENT_COLOR_NAME = AccentColor;
				CODE_SIGN_STYLE = Automatic;
				CURRENT_PROJECT_VERSION = 1;
				DEVELOPMENT_ASSET_PATHS = "\"Infection-Simulator/Preview Content\"";
				ENABLE_PREVIEWS = YES;
				GENERATE_INFOPLIST_FILE = YES;
				INFOPLIST_KEY_UIApplicationSceneManifest_Generation = YES;
				INFOPLIST_KEY_UIApplicationSupportsIndirectInputEvents = YES;
				INFOPLIST_KEY_UILaunchScreen_Generation = YES;
				INFOPLIST_KEY_UISupportedInterfaceOrientations_iPad = "UIInterfaceOrientationPortrait UIInterfaceOrientationPortraitUpsideDown UIInterfaceOrientationLandscapeLeft UIInterfaceOrientationLandscapeRight";
				INFOPLIST_KEY_UISupportedInterfaceOrientations_iPhone = "UIInterfaceOrientationPortrait UIInterfaceOrientationLandscapeLeft UIInterfaceOrientationLandscapeRight";
				LD_RUNPATH_SEARCH_PATHS = (
					"$(inherited)",
					"@executable_path/Frameworks",
				);
				MARKETING_VERSION = 1.0;
				PRODUCT_BUNDLE_IDENTIFIER = "safroalex.Infection-Simulator";
				PRODUCT_NAME = "$(TARGET_NAME)";
				SWIFT_EMIT_LOC_STRINGS = YES;
				SWIFT_VERSION = 5.0;
				TARGETED_DEVICE_FAMILY = "1,2";
			};
			name = Debug;
		};
		1F17ADEA2BAD939200347117 /* Release */ = {
			isa = XCBuildConfiguration;
			buildSettings = {
				ASSETCATALOG_COMPILER_APPICON_NAME = AppIcon;
				ASSETCATALOG_COMPILER_GLOBAL_ACCENT_COLOR_NAME = AccentColor;
				CODE_SIGN_STYLE = Automatic;
				CURRENT_PROJECT_VERSION = 1;
				DEVELOPMENT_ASSET_PATHS = "\"Infection-Simulator/Preview Content\"";
				ENABLE_PREVIEWS = YES;
				GENERATE_INFOPLIST_FILE = YES;
				INFOPLIST_KEY_UIApplicationSceneManifest_Generation = YES;
				INFOPLIST_KEY_UIApplicationSupportsIndirectInputEvents = YES;
				INFOPLIST_KEY_UILaunchScreen_Generation = YES;
				INFOPLIST_KEY_UISupportedInterfaceOrientations_iPad = "UIInterfaceOrientationPortrait UIInterfaceOrientationPortraitUpsideDown UIInterfaceOrientationLandscapeLeft UIInterfaceOrientationLandscapeRight";
				INFOPLIST_KEY_UISupportedInterfaceOrientations_iPhone = "UIInterfaceOrientationPortrait UIInterfaceOrientationLandscapeLeft UIInterfaceOrientationLandscapeRight";
				LD_RUNPATH_SEARCH_PATHS = (
					"$(inherited)",
					"@executable_path/Frameworks",
				);
				MARKETING_VERSION = 1.0;
				PRODUCT_BUNDLE_IDENTIFIER = "safroalex.Infection-Simulator";
				PRODUCT_NAME = "$(TARGET_NAME)";
				SWIFT_EMIT_LOC_STRINGS = YES;
				SWIFT_VERSION = 5.0;
				TARGETED_DEVICE_FAMILY = "1,2";
			};
			name = Release;
		};
		1F17ADEC2BAD939200347117 /* Debug */ = {
			isa = XCBuildConfiguration;
			buildSettings = {
				ALWAYS_EMBED_SWIFT_STANDARD_LIBRARIES = YES;
				BUNDLE_LOADER = "$(TEST_HOST)";
				CODE_SIGN_STYLE = Automatic;
				CURRENT_PROJECT_VERSION = 1;
				GENERATE_INFOPLIST_FILE = YES;
				IPHONEOS_DEPLOYMENT_TARGET = 17.2;
				MARKETING_VERSION = 1.0;
				PRODUCT_BUNDLE_IDENTIFIER = "safroalex.Infection-SimulatorTests";
				PRODUCT_NAME = "$(TARGET_NAME)";
				SWIFT_EMIT_LOC_STRINGS = NO;
				SWIFT_VERSION = 5.0;
				TARGETED_DEVICE_FAMILY = "1,2";
				TEST_HOST = "$(BUILT_PRODUCTS_DIR)/Infection-Simulator.app/$(BUNDLE_EXECUTABLE_FOLDER_PATH)/Infection-Simulator";
			};
			name = Debug;
		};
		1F17ADED2BAD939200347117 /* Release */ = {
			isa = XCBuildConfiguration;
			buildSettings = {
				ALWAYS_EMBED_SWIFT_STANDARD_LIBRARIES = YES;
				BUNDLE_LOADER = "$(TEST_HOST)";
				CODE_SIGN_STYLE = Automatic;
				CURRENT_PROJECT_VERSION = 1;
				GENERATE_INFOPLIST_FILE = YES;
				IPHONEOS_DEPLOYMENT_TARGET = 17.2;
				MARKETING_VERSION = 1.0;
				PRODUCT_BUNDLE_IDENTIFIER = "safroalex.Infection-SimulatorTests";
				PRODUCT_NAME = "$(TARGET_NAME)";
				SWIFT_EMIT_LOC_STRINGS = NO;
				SWIFT_VERSION = 5.0;
				TARGETED_DEVICE_FAMILY = "1,2";
				TEST_HOST = "$(BUILT_PRODUCTS_DIR)/Infection-Simulator.app/$(BUNDLE_EXECUTABLE_FOLDER_PATH)/Infection-Simulator";
			};
			name = Release;
		};
		1F17ADEF2BAD939200347117 /* Debug */ = {
			isa = XCBuildConfiguration;
			buildSettings = {
				ALWAYS_EMBED_SWIFT_STANDARD_LIBRARIES = YES;
				CODE_SIGN_STYLE = Automatic;
				CURRENT_PROJECT_VERSION = 1;
				GENERATE_INFOPLIST_FILE = YES;
				MARKETING_VERSION = 1.0;
				PRODUCT_BUNDLE_IDENTIFIER = "safroalex.Infection-SimulatorUITests";
				PRODUCT_NAME = "$(TARGET_NAME)";
				SWIFT_EMIT_LOC_STRINGS = NO;
				SWIFT_VERSION = 5.0;
				TARGETED_DEVICE_FAMILY = "1,2";
				TEST_TARGET_NAME = "Infection-Simulator";
			};
			name = Debug;
		};
		1F17ADF02BAD939200347117 /* Release */ = {
			isa = XCBuildConfiguration;
			buildSettings = {
				ALWAYS_EMBED_SWIFT_STANDARD_LIBRARIES = YES;
				CODE_SIGN_STYLE = Automatic;
				CURRENT_PROJECT_VERSION = 1;
				GENERATE_INFOPLIST_FILE = YES;
				MARKETING_VERSION = 1.0;
				PRODUCT_BUNDLE_IDENTIFIER = "safroalex.Infection-SimulatorUITests";
				PRODUCT_NAME = "$(TARGET_NAME)";
				SWIFT_EMIT_LOC_STRINGS = NO;
				SWIFT_VERSION = 5.0;
				TARGETED_DEVICE_FAMILY = "1,2";
				TEST_TARGET_NAME = "Infection-Simulator";
			};
			name = Release;
		};
/* End XCBuildConfiguration section */

/* Begin XCConfigurationList section */
		1F17ADBF2BAD939000347117 /* Build configuration list for PBXProject "Infection-Simulator" */ = {
			isa = XCConfigurationList;
			buildConfigurations = (
				1F17ADE62BAD939200347117 /* Debug */,
				1F17ADE72BAD939200347117 /* Release */,
			);
			defaultConfigurationIsVisible = 0;
			defaultConfigurationName = Release;
		};
		1F17ADE82BAD939200347117 /* Build configuration list for PBXNativeTarget "Infection-Simulator" */ = {
			isa = XCConfigurationList;
			buildConfigurations = (
				1F17ADE92BAD939200347117 /* Debug */,
				1F17ADEA2BAD939200347117 /* Release */,
			);
			defaultConfigurationIsVisible = 0;
			defaultConfigurationName = Release;
		};
		1F17ADEB2BAD939200347117 /* Build configuration list for PBXNativeTarget "Infection-SimulatorTests" */ = {
			isa = XCConfigurationList;
			buildConfigurations = (
				1F17ADEC2BAD939200347117 /* Debug */,
				1F17ADED2BAD939200347117 /* Release */,
			);
			defaultConfigurationIsVisible = 0;
			defaultConfigurationName = Release;
		};
		1F17ADEE2BAD939200347117 /* Build configuration list for PBXNativeTarget "Infection-SimulatorUITests" */ = {
			isa = XCConfigurationList;
			buildConfigurations = (
				1F17ADEF2BAD939200347117 /* Debug */,
				1F17ADF02BAD939200347117 /* Release */,
			);
			defaultConfigurationIsVisible = 0;
			defaultConfigurationName = Release;
		};
/* End XCConfigurationList section */
	};
	rootObject = 1F17ADBC2BAD939000347117 /* Project object */;
}
